{
    "_readme": [
        "This file locks the dependencies of your project to a known state",
        "Read more about it at https://getcomposer.org/doc/01-basic-usage.md#installing-dependencies",
        "This file is @generated automatically"
    ],
    "content-hash": "7d49da8f1c518a7ffa8832fece284354",
    "packages": [
        {
            "name": "lexpress/doctrine1",
            "version": "dev-master",
            "source": {
                "type": "git",
                "url": "https://github.com/FriendsOfSymfony1/doctrine1.git",
                "reference": "d6c2c675ab38dbc823fedbdad2b805577f2cf922"
            },
            "dist": {
                "type": "zip",
                "url": "https://api.github.com/repos/FriendsOfSymfony1/doctrine1/zipball/d6c2c675ab38dbc823fedbdad2b805577f2cf922",
                "reference": "d6c2c675ab38dbc823fedbdad2b805577f2cf922",
                "shasum": ""
            },
            "require": {
                "ext-mbstring": "*",
                "ext-pdo": "*",
                "php": ">=5.3"
            },
            "type": "library",
            "extra": {
                "branch-alias": {
                    "dev-master": "1.4-dev"
                }
            },
            "autoload": {
                "psr-0": {
                    "Doctrine_": "lib/"
                }
            },
            "notification-url": "https://packagist.org/downloads/",
            "license": [
                "LGPL-2.1-or-later"
            ],
            "authors": [
                {
                    "name": "Konsta Vesterinen",
                    "email": "kvesteri@cc.hut.fi"
                },
                {
                    "name": "Jonathan Wage",
                    "email": "jonwage@gmail.com"
                },
                {
                    "name": "Doctrine1 Contributors",
                    "homepage": "https://github.com/FriendsOfSymfony1/doctrine1/graphs/contributors"
                }
            ],
            "description": "PHP Database ORM for Symfony1. Do NOT use for new projects: please move to a newest Symfony release and Doctrine2",
            "homepage": "http://www.doctrine-project.org",
            "keywords": [
                "database",
                "doctrine1",
                "orm",
                "symfony1"
            ],
            "time": "2019-04-16T12:12:17+00:00"
        },
        {
            "name": "lexpress/symfony1",
            "version": "dev-master",
            "source": {
                "type": "git",
                "url": "https://github.com/FriendsOfSymfony1/symfony1.git",
                "reference": "80ff0d2f9fcf45940ae4a9cac3a66c7050827aea"
            },
            "dist": {
                "type": "zip",
                "url": "https://api.github.com/repos/FriendsOfSymfony1/symfony1/zipball/80ff0d2f9fcf45940ae4a9cac3a66c7050827aea",
                "reference": "80ff0d2f9fcf45940ae4a9cac3a66c7050827aea",
                "shasum": ""
            },
            "require": {
                "swiftmailer/swiftmailer": "~5.2"
            },
            "require-dev": {
                "psr/log": "*"
            },
            "suggest": {
                "lexpress/doctrine1": "Doctrine plugin",
                "propel/sf-propel-o-r-m-plugin": "Propel plugin",
                "psr/log": "Psr logger"
            },
            "bin": [
                "data/bin/symfony"
            ],
            "type": "library",
            "extra": {
                "branch-alias": {
                    "dev-master": "1.5-dev"
                }
            },
            "autoload": {
                "files": [
                    "autoload.php"
                ]
            },
            "notification-url": "https://packagist.org/downloads/",
            "license": [
                "MIT"
            ],
            "description": "Fork of symfony 1.4 with dic, form enhancements, latest swiftmailer and better performance",
            "time": "2020-04-03T10:25:00+00:00"
        },
        {
            "name": "swiftmailer/swiftmailer",
            "version": "v5.4.12",
            "source": {
                "type": "git",
                "url": "https://github.com/swiftmailer/swiftmailer.git",
                "reference": "181b89f18a90f8925ef805f950d47a7190e9b950"
            },
            "dist": {
                "type": "zip",
                "url": "https://api.github.com/repos/swiftmailer/swiftmailer/zipball/181b89f18a90f8925ef805f950d47a7190e9b950",
                "reference": "181b89f18a90f8925ef805f950d47a7190e9b950",
                "shasum": ""
            },
            "require": {
                "php": ">=5.3.3"
            },
            "require-dev": {
                "mockery/mockery": "~0.9.1",
                "symfony/phpunit-bridge": "~3.2"
            },
            "type": "library",
            "extra": {
                "branch-alias": {
                    "dev-master": "5.4-dev"
                }
            },
            "autoload": {
                "files": [
                    "lib/swift_required.php"
                ]
            },
            "notification-url": "https://packagist.org/downloads/",
            "license": [
                "MIT"
            ],
            "authors": [
                {
                    "name": "Chris Corbyn"
                },
                {
                    "name": "Fabien Potencier",
                    "email": "fabien@symfony.com"
                }
            ],
            "description": "Swiftmailer, free feature-rich PHP mailer",
            "homepage": "https://swiftmailer.symfony.com",
            "keywords": [
                "email",
                "mail",
                "mailer"
            ],
            "time": "2018-07-31T09:26:32+00:00"
        }
    ],
    "packages-dev": [],
    "aliases": [],
    "minimum-stability": "stable",
    "stability-flags": {
        "lexpress/symfony1": 20,
        "lexpress/doctrine1": 20
    },
    "prefer-stable": false,
    "prefer-lowest": false,
    "platform": [],
    "platform-dev": []
}
